
Microsoft Visual Studio Solution File, Format Version 12.00
# Visual Studio Version 17
VisualStudioVersion = 17.4.33205.214
MinimumVisualStudioVersion = 10.0.40219.1
Project("{9A19103F-16F7-4668-BE54-9A1E7A4F7556}") = "Client", "Client\Client.csproj", "{A78B3648-A571-45BF-9B62-27530AF69E40}"
EndProject
Project("{9A19103F-16F7-4668-BE54-9A1E7A4F7556}") = "Server", "Server\Server.csproj", "{D8BD3ED1-B5A8-4064-97A3-C999A993B202}"
EndProject
Global
	GlobalSection(SolutionConfigurationPlatforms) = preSolution
		Debug|Any CPU = Debug|Any CPU
		Release|Any CPU = Release|Any CPU
	EndGlobalSection
	GlobalSection(ProjectConfigurationPlatforms) = postSolution
		{A78B3648-A571-45BF-9B62-27530AF69E40}.Debug|Any CPU.ActiveCfg = Debug|Any CPU
		{A78B3648-A571-45BF-9B62-27530AF69E40}.Debug|Any CPU.Build.0 = Debug|Any CPU
		{A78B3648-A571-45BF-9B62-27530AF69E40}.Release|Any CPU.ActiveCfg = Release|Any CPU
		{A78B3648-A571-45BF-9B62-27530AF69E40}.Release|Any CPU.Build.0 = Release|Any CPU
		{D8BD3ED1-B5A8-4064-97A3-C999A993B202}.Debug|Any CPU.ActiveCfg = Debug|Any CPU
		{D8BD3ED1-B5A8-4064-97A3-C999A993B202}.Debug|Any CPU.Build.0 = Debug|Any CPU
		{D8BD3ED1-B5A8-4064-97A3-C999A993B202}.Release|Any CPU.ActiveCfg = Release|Any CPU
		{D8BD3ED1-B5A8-4064-97A3-C999A993B202}.Release|Any CPU.Build.0 = Release|Any CPU
	EndGlobalSection
	GlobalSection(SolutionProperties) = preSolution
		HideSolutionNode = FALSE
	EndGlobalSection
	GlobalSection(ExtensibilityGlobals) = postSolution
		SolutionGuid = {83506D41-72DA-4751-A6A8-C6B36A65F009}
	EndGlobalSection
EndGlobal
